
Microsoft Visual Studio Solution File, Format Version 12.00
# Visual Studio Version 17
VisualStudioVersion = 17.5.33414.496
MinimumVisualStudioVersion = 10.0.40219.1
Project("{9A19103F-16F7-4668-BE54-9A1E7A4F7556}") = "CobblerWorkshop", "CobblerWorkshop\CobblerWorkshop.csproj", "{0055C2CB-F81F-4FDF-986B-28F98D3EDD3D}"
EndProject
Global
	GlobalSection(SolutionConfigurationPlatforms) = preSolution
		Debug|Any CPU = Debug|Any CPU
		Release|Any CPU = Release|Any CPU
	EndGlobalSection
	GlobalSection(ProjectConfigurationPlatforms) = postSolution
		{0055C2CB-F81F-4FDF-986B-28F98D3EDD3D}.Debug|Any CPU.ActiveCfg = Debug|Any CPU
		{0055C2CB-F81F-4FDF-986B-28F98D3EDD3D}.Debug|Any CPU.Build.0 = Debug|Any CPU
		{0055C2CB-F81F-4FDF-986B-28F98D3EDD3D}.Release|Any CPU.ActiveCfg = Release|Any CPU
		{0055C2CB-F81F-4FDF-986B-28F98D3EDD3D}.Release|Any CPU.Build.0 = Release|Any CPU
	EndGlobalSection
	GlobalSection(SolutionProperties) = preSolution
		HideSolutionNode = FALSE
	EndGlobalSection
	GlobalSection(ExtensibilityGlobals) = postSolution
		SolutionGuid = {E7B46733-3B9C-436E-B8F9-8306EA30E4D4}
	EndGlobalSection
EndGlobal
